PODS:
  - IQKeyboardManagerSwift (6.5.6)
  - RxCocoa (6.1.0):
    - RxRelay (= 6.1.0)
    - RxSwift (= 6.1.0)
  - RxRelay (6.1.0):
    - RxSwift (= 6.1.0)
  - RxSwift (6.1.0)

DEPENDENCIES:
  - IQKeyboardManagerSwift
  - RxCocoa
  - RxSwift

SPEC REPOS:
  trunk:
    - IQKeyboardManagerSwift
    - RxCocoa
    - RxRelay
    - RxSwift

SPEC CHECKSUMS:
  IQKeyboardManagerSwift: c7df9d2deb356c04522f5c4b7b6e4ce4d8ed94fe
  RxCocoa: 5c51f02d562cbd94629f6c26cf0c80fe4ab8d343
  RxRelay: 483e1a19fad961b41f0b0c0bee506f46c1ae14fe
  RxSwift: a834e5c538e89eca0cae86f403f4fbf0336786ce

PODFILE CHECKSUM: b5429b35b2e8511c6d5b1919a905f89023f8ff61

COCOAPODS: 1.10.0
